
Microsoft Visual Studio Solution File, Format Version 12.00
# Visual Studio 14
VisualStudioVersion = 14.0.23107.0
MinimumVisualStudioVersion = 10.0.40219.1
Project("{FAE04EC0-301F-11D3-BF4B-00C04F79EFBC}") = "wikibus.purl.nancy", "src\wikibus.purl.nancy\wikibus.purl.nancy.csproj", "{0E27E46A-84C4-4180-8628-22C57442EE30}"
EndProject
Project("{FAE04EC0-301F-11D3-BF4B-00C04F79EFBC}") = "wikibus.tests", "src\wikibus.tests\wikibus.tests.csproj", "{63F90B57-D3BD-475F-ABD9-BFA575B0125A}"
EndProject
Project("{FAE04EC0-301F-11D3-BF4B-00C04F79EFBC}") = "wikibus.sources.nancy", "src\wikibus.sources.nancy\wikibus.sources.nancy.csproj", "{320672E5-DEFE-441C-A4DB-3830E2AE19C9}"
EndProject
Project("{FAE04EC0-301F-11D3-BF4B-00C04F79EFBC}") = "wikibus.sources", "src\wikibus.sources\wikibus.sources.csproj", "{39B74ABD-895F-44BD-A0B9-80DFA6DC4D1E}"
EndProject
Project("{2150E333-8FDC-42A3-9474-1A3956D46DE8}") = ".solution items", ".solution items", "{39200A1F-0928-40CE-8EC2-06F2AC3CD732}"
	ProjectSection(SolutionItems) = preProject
		appveyor.yml = appveyor.yml
		src\Common.props = src\Common.props
		src\CommonAssemblyInfo.cs = src\CommonAssemblyInfo.cs
		GitVersionConfig.yaml = GitVersionConfig.yaml
		paket.dependencies = paket.dependencies
		paket.lock = paket.lock
	EndProjectSection
EndProject
Project("{2150E333-8FDC-42A3-9474-1A3956D46DE8}") = "Web", "Web", "{EF30ED7D-DC26-4317-A8E2-57B3CF7A1998}"
EndProject
Project("{FAE04EC0-301F-11D3-BF4B-00C04F79EFBC}") = "wikibus.sources.dotNetRDF", "src\wikibus.sources.dotNetRDF\wikibus.sources.dotNetRDF.csproj", "{DCD4B6E3-EB86-41B0-819A-C47E1B4B6D78}"
EndProject
Project("{FAE04EC0-301F-11D3-BF4B-00C04F79EFBC}") = "wikibus.nancy", "src\wikibus.nancy\wikibus.nancy.csproj", "{D2647469-3693-4756-A6D5-F8742572526D}"
EndProject
Project("{FAE04EC0-301F-11D3-BF4B-00C04F79EFBC}") = "wikibus.common", "src\wikibus.common\wikibus.common.csproj", "{5BE7E665-DA3B-4238-BC5B-8D722D27F5C4}"
EndProject
Project("{FAE04EC0-301F-11D3-BF4B-00C04F79EFBC}") = "wikibus.org", "src\wikibus.org\wikibus.org.csproj", "{44AF921E-6E2B-488D-99F2-EE97A557E8BB}"
EndProject
Project("{FAE04EC0-301F-11D3-BF4B-00C04F79EFBC}") = "data.wikibus.org", "src\data.wikibus.org\data.wikibus.org.csproj", "{057FBE23-BDF2-4C41-BA57-94B4E87895D9}"
EndProject
Project("{2150E333-8FDC-42A3-9474-1A3956D46DE8}") = "Sources", "Sources", "{642ED47A-5660-43BA-87C1-689D66EAE6F7}"
EndProject
Project("{2150E333-8FDC-42A3-9474-1A3956D46DE8}") = "Core", "Core", "{44E2163D-9F91-4D60-8915-1425BBD79223}"
EndProject
Project("{FAE04EC0-301F-11D3-BF4B-00C04F79EFBC}") = "wikibus.vehicles.domain", "src\wikibus.vehicles.domain\wikibus.vehicles.domain.csproj", "{2EE1519D-C8EC-4A1F-8DFF-CB49381585C3}"
EndProject
Project("{FAE04EC0-301F-11D3-BF4B-00C04F79EFBC}") = "wikibus.vehicles.application", "src\wikibus.vehicles.application\wikibus.vehicles.application.csproj", "{43D677DA-7A82-4B71-A8FA-FF0BCD9693EA}"
EndProject
Project("{FAE04EC0-301F-11D3-BF4B-00C04F79EFBC}") = "wikibus.vehicles.nancy", "src\wikibus.vehicles.nancy\wikibus.vehicles.nancy.csproj", "{88EC6F2D-38BF-4607-AD2B-C798C9D15F89}"
EndProject
Project("{FAE04EC0-301F-11D3-BF4B-00C04F79EFBC}") = "wikibus.sources.EF", "src\wikibus.sources.EF\wikibus.sources.EF.csproj", "{D147EF7A-ADCE-4CEB-A7FD-0073D248E15D}"
EndProject
Global
	GlobalSection(SolutionConfigurationPlatforms) = preSolution
		Debug|Any CPU = Debug|Any CPU
		Release|Any CPU = Release|Any CPU
	EndGlobalSection
	GlobalSection(ProjectConfigurationPlatforms) = postSolution
		{0E27E46A-84C4-4180-8628-22C57442EE30}.Debug|Any CPU.ActiveCfg = Debug|Any CPU
		{0E27E46A-84C4-4180-8628-22C57442EE30}.Debug|Any CPU.Build.0 = Debug|Any CPU
		{0E27E46A-84C4-4180-8628-22C57442EE30}.Release|Any CPU.ActiveCfg = Release|Any CPU
		{0E27E46A-84C4-4180-8628-22C57442EE30}.Release|Any CPU.Build.0 = Release|Any CPU
		{63F90B57-D3BD-475F-ABD9-BFA575B0125A}.Debug|Any CPU.ActiveCfg = Debug|Any CPU
		{63F90B57-D3BD-475F-ABD9-BFA575B0125A}.Debug|Any CPU.Build.0 = Debug|Any CPU
		{63F90B57-D3BD-475F-ABD9-BFA575B0125A}.Release|Any CPU.ActiveCfg = Release|Any CPU
		{63F90B57-D3BD-475F-ABD9-BFA575B0125A}.Release|Any CPU.Build.0 = Release|Any CPU
		{320672E5-DEFE-441C-A4DB-3830E2AE19C9}.Debug|Any CPU.ActiveCfg = Debug|Any CPU
		{320672E5-DEFE-441C-A4DB-3830E2AE19C9}.Debug|Any CPU.Build.0 = Debug|Any CPU
		{320672E5-DEFE-441C-A4DB-3830E2AE19C9}.Release|Any CPU.ActiveCfg = Release|Any CPU
		{320672E5-DEFE-441C-A4DB-3830E2AE19C9}.Release|Any CPU.Build.0 = Release|Any CPU
		{39B74ABD-895F-44BD-A0B9-80DFA6DC4D1E}.Debug|Any CPU.ActiveCfg = Debug|Any CPU
		{39B74ABD-895F-44BD-A0B9-80DFA6DC4D1E}.Debug|Any CPU.Build.0 = Debug|Any CPU
		{39B74ABD-895F-44BD-A0B9-80DFA6DC4D1E}.Release|Any CPU.ActiveCfg = Release|Any CPU
		{39B74ABD-895F-44BD-A0B9-80DFA6DC4D1E}.Release|Any CPU.Build.0 = Release|Any CPU
		{DCD4B6E3-EB86-41B0-819A-C47E1B4B6D78}.Debug|Any CPU.ActiveCfg = Debug|Any CPU
		{DCD4B6E3-EB86-41B0-819A-C47E1B4B6D78}.Debug|Any CPU.Build.0 = Debug|Any CPU
		{DCD4B6E3-EB86-41B0-819A-C47E1B4B6D78}.Release|Any CPU.ActiveCfg = Release|Any CPU
		{DCD4B6E3-EB86-41B0-819A-C47E1B4B6D78}.Release|Any CPU.Build.0 = Release|Any CPU
		{D2647469-3693-4756-A6D5-F8742572526D}.Debug|Any CPU.ActiveCfg = Debug|Any CPU
		{D2647469-3693-4756-A6D5-F8742572526D}.Debug|Any CPU.Build.0 = Debug|Any CPU
		{D2647469-3693-4756-A6D5-F8742572526D}.Release|Any CPU.ActiveCfg = Release|Any CPU
		{D2647469-3693-4756-A6D5-F8742572526D}.Release|Any CPU.Build.0 = Release|Any CPU
		{5BE7E665-DA3B-4238-BC5B-8D722D27F5C4}.Debug|Any CPU.ActiveCfg = Debug|Any CPU
		{5BE7E665-DA3B-4238-BC5B-8D722D27F5C4}.Debug|Any CPU.Build.0 = Debug|Any CPU
		{5BE7E665-DA3B-4238-BC5B-8D722D27F5C4}.Release|Any CPU.ActiveCfg = Release|Any CPU
		{5BE7E665-DA3B-4238-BC5B-8D722D27F5C4}.Release|Any CPU.Build.0 = Release|Any CPU
		{44AF921E-6E2B-488D-99F2-EE97A557E8BB}.Debug|Any CPU.ActiveCfg = Debug|Any CPU
		{44AF921E-6E2B-488D-99F2-EE97A557E8BB}.Debug|Any CPU.Build.0 = Debug|Any CPU
		{44AF921E-6E2B-488D-99F2-EE97A557E8BB}.Release|Any CPU.ActiveCfg = Release|Any CPU
		{44AF921E-6E2B-488D-99F2-EE97A557E8BB}.Release|Any CPU.Build.0 = Release|Any CPU
		{057FBE23-BDF2-4C41-BA57-94B4E87895D9}.Debug|Any CPU.ActiveCfg = Debug|Any CPU
		{057FBE23-BDF2-4C41-BA57-94B4E87895D9}.Debug|Any CPU.Build.0 = Debug|Any CPU
		{057FBE23-BDF2-4C41-BA57-94B4E87895D9}.Release|Any CPU.ActiveCfg = Release|Any CPU
		{057FBE23-BDF2-4C41-BA57-94B4E87895D9}.Release|Any CPU.Build.0 = Release|Any CPU
		{2EE1519D-C8EC-4A1F-8DFF-CB49381585C3}.Debug|Any CPU.ActiveCfg = Debug|Any CPU
		{2EE1519D-C8EC-4A1F-8DFF-CB49381585C3}.Debug|Any CPU.Build.0 = Debug|Any CPU
		{2EE1519D-C8EC-4A1F-8DFF-CB49381585C3}.Release|Any CPU.ActiveCfg = Release|Any CPU
		{2EE1519D-C8EC-4A1F-8DFF-CB49381585C3}.Release|Any CPU.Build.0 = Release|Any CPU
		{43D677DA-7A82-4B71-A8FA-FF0BCD9693EA}.Debug|Any CPU.ActiveCfg = Debug|Any CPU
		{43D677DA-7A82-4B71-A8FA-FF0BCD9693EA}.Debug|Any CPU.Build.0 = Debug|Any CPU
		{43D677DA-7A82-4B71-A8FA-FF0BCD9693EA}.Release|Any CPU.ActiveCfg = Release|Any CPU
		{43D677DA-7A82-4B71-A8FA-FF0BCD9693EA}.Release|Any CPU.Build.0 = Release|Any CPU
		{88EC6F2D-38BF-4607-AD2B-C798C9D15F89}.Debug|Any CPU.ActiveCfg = Debug|Any CPU
		{88EC6F2D-38BF-4607-AD2B-C798C9D15F89}.Debug|Any CPU.Build.0 = Debug|Any CPU
		{88EC6F2D-38BF-4607-AD2B-C798C9D15F89}.Release|Any CPU.ActiveCfg = Release|Any CPU
		{88EC6F2D-38BF-4607-AD2B-C798C9D15F89}.Release|Any CPU.Build.0 = Release|Any CPU
		{D147EF7A-ADCE-4CEB-A7FD-0073D248E15D}.Debug|Any CPU.ActiveCfg = Debug|Any CPU
		{D147EF7A-ADCE-4CEB-A7FD-0073D248E15D}.Debug|Any CPU.Build.0 = Debug|Any CPU
		{D147EF7A-ADCE-4CEB-A7FD-0073D248E15D}.Release|Any CPU.ActiveCfg = Release|Any CPU
		{D147EF7A-ADCE-4CEB-A7FD-0073D248E15D}.Release|Any CPU.Build.0 = Release|Any CPU
	EndGlobalSection
	GlobalSection(SolutionProperties) = preSolution
		HideSolutionNode = FALSE
	EndGlobalSection
	GlobalSection(NestedProjects) = preSolution
		{0E27E46A-84C4-4180-8628-22C57442EE30} = {EF30ED7D-DC26-4317-A8E2-57B3CF7A1998}
		{320672E5-DEFE-441C-A4DB-3830E2AE19C9} = {642ED47A-5660-43BA-87C1-689D66EAE6F7}
		{39B74ABD-895F-44BD-A0B9-80DFA6DC4D1E} = {642ED47A-5660-43BA-87C1-689D66EAE6F7}
		{DCD4B6E3-EB86-41B0-819A-C47E1B4B6D78} = {642ED47A-5660-43BA-87C1-689D66EAE6F7}
		{D2647469-3693-4756-A6D5-F8742572526D} = {EF30ED7D-DC26-4317-A8E2-57B3CF7A1998}
		{44AF921E-6E2B-488D-99F2-EE97A557E8BB} = {EF30ED7D-DC26-4317-A8E2-57B3CF7A1998}
		{057FBE23-BDF2-4C41-BA57-94B4E87895D9} = {EF30ED7D-DC26-4317-A8E2-57B3CF7A1998}
		{2EE1519D-C8EC-4A1F-8DFF-CB49381585C3} = {44E2163D-9F91-4D60-8915-1425BBD79223}
		{43D677DA-7A82-4B71-A8FA-FF0BCD9693EA} = {44E2163D-9F91-4D60-8915-1425BBD79223}
		{88EC6F2D-38BF-4607-AD2B-C798C9D15F89} = {44E2163D-9F91-4D60-8915-1425BBD79223}
		{D147EF7A-ADCE-4CEB-A7FD-0073D248E15D} = {642ED47A-5660-43BA-87C1-689D66EAE6F7}
	EndGlobalSection
EndGlobal
