
Microsoft Visual Studio Solution File, Format Version 11.00
# Visual Studio 2010
Project("{FAE04EC0-301F-11D3-BF4B-00C04F79EFBC}") = "wikibus.purl.nancy", "wikibus.purl.nancy\wikibus.purl.nancy.csproj", "{0E27E46A-84C4-4180-8628-22C57442EE30}"
EndProject
Project("{FAE04EC0-301F-11D3-BF4B-00C04F79EFBC}") = "wikibus.tests", "wikibus.tests\wikibus.tests.csproj", "{63F90B57-D3BD-475F-ABD9-BFA575B0125A}"
EndProject
Project("{FAE04EC0-301F-11D3-BF4B-00C04F79EFBC}") = "wikibus.sources.nancy", "wikibus.sources.nancy\wikibus.sources.nancy.csproj", "{320672E5-DEFE-441C-A4DB-3830E2AE19C9}"
EndProject
Project("{FAE04EC0-301F-11D3-BF4B-00C04F79EFBC}") = "wikibus.sources", "wikibus.sources\wikibus.sources.csproj", "{39B74ABD-895F-44BD-A0B9-80DFA6DC4D1E}"
EndProject
Project("{2150E333-8FDC-42A3-9474-1A3956D46DE8}") = "Solution Items", "Solution Items", "{39200A1F-0928-40CE-8EC2-06F2AC3CD732}"
	ProjectSection(SolutionItems) = preProject
		Common.props = Common.props
	EndProjectSection
EndProject
Project("{FAE04EC0-301F-11D3-BF4B-00C04F79EFBC}") = "wikibus.nancy", "wikibus.nancy\wikibus.nancy.csproj", "{529620CA-3D1A-44C1-86BD-C0ABE4371DF6}"
EndProject
Global
	GlobalSection(SolutionConfigurationPlatforms) = preSolution
		Debug|Any CPU = Debug|Any CPU
		Release|Any CPU = Release|Any CPU
	EndGlobalSection
	GlobalSection(ProjectConfigurationPlatforms) = postSolution
		{0E27E46A-84C4-4180-8628-22C57442EE30}.Debug|Any CPU.ActiveCfg = Debug|Any CPU
		{0E27E46A-84C4-4180-8628-22C57442EE30}.Debug|Any CPU.Build.0 = Debug|Any CPU
		{0E27E46A-84C4-4180-8628-22C57442EE30}.Release|Any CPU.ActiveCfg = Release|Any CPU
		{0E27E46A-84C4-4180-8628-22C57442EE30}.Release|Any CPU.Build.0 = Release|Any CPU
		{63F90B57-D3BD-475F-ABD9-BFA575B0125A}.Debug|Any CPU.ActiveCfg = Debug|Any CPU
		{63F90B57-D3BD-475F-ABD9-BFA575B0125A}.Debug|Any CPU.Build.0 = Debug|Any CPU
		{63F90B57-D3BD-475F-ABD9-BFA575B0125A}.Release|Any CPU.ActiveCfg = Release|Any CPU
		{63F90B57-D3BD-475F-ABD9-BFA575B0125A}.Release|Any CPU.Build.0 = Release|Any CPU
		{320672E5-DEFE-441C-A4DB-3830E2AE19C9}.Debug|Any CPU.ActiveCfg = Debug|Any CPU
		{320672E5-DEFE-441C-A4DB-3830E2AE19C9}.Debug|Any CPU.Build.0 = Debug|Any CPU
		{320672E5-DEFE-441C-A4DB-3830E2AE19C9}.Release|Any CPU.ActiveCfg = Release|Any CPU
		{320672E5-DEFE-441C-A4DB-3830E2AE19C9}.Release|Any CPU.Build.0 = Release|Any CPU
		{39B74ABD-895F-44BD-A0B9-80DFA6DC4D1E}.Debug|Any CPU.ActiveCfg = Debug|Any CPU
		{39B74ABD-895F-44BD-A0B9-80DFA6DC4D1E}.Debug|Any CPU.Build.0 = Debug|Any CPU
		{39B74ABD-895F-44BD-A0B9-80DFA6DC4D1E}.Release|Any CPU.ActiveCfg = Release|Any CPU
		{39B74ABD-895F-44BD-A0B9-80DFA6DC4D1E}.Release|Any CPU.Build.0 = Release|Any CPU
		{529620CA-3D1A-44C1-86BD-C0ABE4371DF6}.Debug|Any CPU.ActiveCfg = Debug|Any CPU
		{529620CA-3D1A-44C1-86BD-C0ABE4371DF6}.Debug|Any CPU.Build.0 = Debug|Any CPU
		{529620CA-3D1A-44C1-86BD-C0ABE4371DF6}.Release|Any CPU.ActiveCfg = Release|Any CPU
		{529620CA-3D1A-44C1-86BD-C0ABE4371DF6}.Release|Any CPU.Build.0 = Release|Any CPU
	EndGlobalSection
	GlobalSection(SolutionProperties) = preSolution
		HideSolutionNode = FALSE
	EndGlobalSection
EndGlobal
